// !$*UTF8*$!
{
	archiveVersion = 1;
	classes = {
	};
	objectVersion = 56;
	objects = {

/* Begin PBXBuildFile section */
		360329102AD9914A0092C981 /* CalendarCollectionCell.swift in Sources */ = {isa = PBXBuildFile; fileRef = 3603290F2AD9914A0092C981 /* CalendarCollectionCell.swift */; };
		360329122AD991590092C981 /* CalendarCellView.swift in Sources */ = {isa = PBXBuildFile; fileRef = 360329112AD991590092C981 /* CalendarCellView.swift */; };
		360329142AD991610092C981 /* CalendarCellView.xib in Resources */ = {isa = PBXBuildFile; fileRef = 360329132AD991610092C981 /* CalendarCellView.xib */; };
		360329162AD991710092C981 /* CalendarCellViewModel.swift in Sources */ = {isa = PBXBuildFile; fileRef = 360329152AD991710092C981 /* CalendarCellViewModel.swift */; };
		360329182AD994750092C981 /* WeatherForecastDetailsViewModel.swift in Sources */ = {isa = PBXBuildFile; fileRef = 360329172AD994750092C981 /* WeatherForecastDetailsViewModel.swift */; };
		360880082AE69E920063B4DE /* CalendarCellViewLayout.swift in Sources */ = {isa = PBXBuildFile; fileRef = 360880072AE69E920063B4DE /* CalendarCellViewLayout.swift */; };
		36131D972AEA7F8E00DD2BA4 /* Alamofire in Frameworks */ = {isa = PBXBuildFile; productRef = 36131D962AEA7F8E00DD2BA4 /* Alamofire */; };
		363ED6F02AC1A8FB002155A8 /* BaseDataSource.swift in Sources */ = {isa = PBXBuildFile; fileRef = 363ED6EF2AC1A8FB002155A8 /* BaseDataSource.swift */; };
		3648C4262AD59A540052C3A2 /*  DirectionWindCollectionCell.swift in Sources */ = {isa = PBXBuildFile; fileRef = 3648C4252AD59A540052C3A2 /*  DirectionWindCollectionCell.swift */; };
		3648C4282AD59A690052C3A2 /* DirectionWindCellView.swift in Sources */ = {isa = PBXBuildFile; fileRef = 3648C4272AD59A690052C3A2 /* DirectionWindCellView.swift */; };
		3648C42A2AD59A790052C3A2 /* DirectionWindCellView.xib in Resources */ = {isa = PBXBuildFile; fileRef = 3648C4292AD59A790052C3A2 /* DirectionWindCellView.xib */; };
		3648C42C2AD59A850052C3A2 /* DirectionWindCellViewModel.swift in Sources */ = {isa = PBXBuildFile; fileRef = 3648C42B2AD59A850052C3A2 /* DirectionWindCellViewModel.swift */; };
		3648C42E2AD59A8D0052C3A2 /* DirectionWindCellViewLayout.swift in Sources */ = {isa = PBXBuildFile; fileRef = 3648C42D2AD59A8D0052C3A2 /* DirectionWindCellViewLayout.swift */; };
		368EE32B2ACB001500D05BEB /* BriefInformationKind.swift in Sources */ = {isa = PBXBuildFile; fileRef = 368EE32A2ACB001500D05BEB /* BriefInformationKind.swift */; };
		368EE32D2ACB02DC00D05BEB /* DetailInformationKind.swift in Sources */ = {isa = PBXBuildFile; fileRef = 368EE32C2ACB02DC00D05BEB /* DetailInformationKind.swift */; };
		368EE32F2ACB0EC800D05BEB /* DomainModel.swift in Sources */ = {isa = PBXBuildFile; fileRef = 368EE32E2ACB0EC800D05BEB /* DomainModel.swift */; };
		3693319C2AD97203005B000B /* Proxy.swift in Sources */ = {isa = PBXBuildFile; fileRef = 3693319B2AD97203005B000B /* Proxy.swift */; };
		369A9C5D2AC2410E002D9F59 /* Error+Extensions.swift in Sources */ = {isa = PBXBuildFile; fileRef = 369A9C5C2AC2410E002D9F59 /* Error+Extensions.swift */; };
		369C08F42AD6B66C005AF7D0 /* TitleInformationCollectionCell.swift in Sources */ = {isa = PBXBuildFile; fileRef = 369C08F32AD6B66C005AF7D0 /* TitleInformationCollectionCell.swift */; };
		369C08F62AD6B6A2005AF7D0 /* TitleInformationCellView.swift in Sources */ = {isa = PBXBuildFile; fileRef = 369C08F52AD6B6A2005AF7D0 /* TitleInformationCellView.swift */; };
		369C08F82AD6B6A9005AF7D0 /* TitleInformationCellView.xib in Resources */ = {isa = PBXBuildFile; fileRef = 369C08F72AD6B6A9005AF7D0 /* TitleInformationCellView.xib */; };
		369C08FA2AD6B6B5005AF7D0 /* TitleInformationCellViewModel.swift in Sources */ = {isa = PBXBuildFile; fileRef = 369C08F92AD6B6B5005AF7D0 /* TitleInformationCellViewModel.swift */; };
		369C67832AC5B2430041F25B /* WeatherForecastPresenter.swift in Sources */ = {isa = PBXBuildFile; fileRef = 369C677C2AC5B2430041F25B /* WeatherForecastPresenter.swift */; };
		369C67842AC5B2430041F25B /* WeatherForecastRouter.swift in Sources */ = {isa = PBXBuildFile; fileRef = 369C677D2AC5B2430041F25B /* WeatherForecastRouter.swift */; };
		369C67852AC5B2430041F25B /* WeatherForecastViewController.swift in Sources */ = {isa = PBXBuildFile; fileRef = 369C677E2AC5B2430041F25B /* WeatherForecastViewController.swift */; };
		369C67862AC5B2430041F25B /* WeatherForecastModuleAssembler.swift in Sources */ = {isa = PBXBuildFile; fileRef = 369C677F2AC5B2430041F25B /* WeatherForecastModuleAssembler.swift */; };
		369C67872AC5B2430041F25B /* WeatherForecastProtocols.swift in Sources */ = {isa = PBXBuildFile; fileRef = 369C67802AC5B2430041F25B /* WeatherForecastProtocols.swift */; };
		369C67882AC5B2430041F25B /* WeatherForecastInteractor.swift in Sources */ = {isa = PBXBuildFile; fileRef = 369C67812AC5B2430041F25B /* WeatherForecastInteractor.swift */; };
		369C67892AC5B2430041F25B /* WeatherForecastViewModel.swift in Sources */ = {isa = PBXBuildFile; fileRef = 369C67822AC5B2430041F25B /* WeatherForecastViewModel.swift */; };
		369C678B2AC5B5710041F25B /* UIViewController+Extensions.swift in Sources */ = {isa = PBXBuildFile; fileRef = 369C678A2AC5B5710041F25B /* UIViewController+Extensions.swift */; };
		36A3410E2ABA35FB00B4EFDE /* AttributesInformationCellView.xib in Resources */ = {isa = PBXBuildFile; fileRef = 36A3410D2ABA35FB00B4EFDE /* AttributesInformationCellView.xib */; };
		36A341102ABA399300B4EFDE /* AttributesInformationCellView.swift in Sources */ = {isa = PBXBuildFile; fileRef = 36A3410F2ABA399300B4EFDE /* AttributesInformationCellView.swift */; };
		36A341122ABA399C00B4EFDE /* AttributesInformationCellViewModel.swift in Sources */ = {isa = PBXBuildFile; fileRef = 36A341112ABA399C00B4EFDE /* AttributesInformationCellViewModel.swift */; };
		36A341142ABA39A600B4EFDE /* AttributesInformationCellViewLayout.swift in Sources */ = {isa = PBXBuildFile; fileRef = 36A341132ABA39A600B4EFDE /* AttributesInformationCellViewLayout.swift */; };
		36A341162ABA39B000B4EFDE /* AttributesInformationCollectionCell.swift in Sources */ = {isa = PBXBuildFile; fileRef = 36A341152ABA39B000B4EFDE /* AttributesInformationCollectionCell.swift */; };
		36C7D2492AEAD123003AAB0F /* DGCharts in Frameworks */ = {isa = PBXBuildFile; productRef = 36C7D2482AEAD123003AAB0F /* DGCharts */; };
		36C7D24B2AEAD123003AAB0F /* DGChartsDynamic in Frameworks */ = {isa = PBXBuildFile; productRef = 36C7D24A2AEAD123003AAB0F /* DGChartsDynamic */; };
		36C7D24E2AEAD12B003AAB0F /* Kingfisher in Frameworks */ = {isa = PBXBuildFile; productRef = 36C7D24D2AEAD12B003AAB0F /* Kingfisher */; };
		36D5DCD12ABB0AEA003CEF91 /* WeatherForecastNetworkService.swift in Sources */ = {isa = PBXBuildFile; fileRef = 36D5DCD02ABB0AEA003CEF91 /* WeatherForecastNetworkService.swift */; };
		36D5DCD62ABB5DC2003CEF91 /* WeatherData.swift in Sources */ = {isa = PBXBuildFile; fileRef = 36D5DCD52ABB5DC2003CEF91 /* WeatherData.swift */; };
		36E5C8D72AB9AE4100FC0DE7 /* BriefIInformationsCollectionView.xib in Resources */ = {isa = PBXBuildFile; fileRef = 36E5C8D62AB9AE4100FC0DE7 /* BriefIInformationsCollectionView.xib */; };
		36E5C8DD2AB9AF3300FC0DE7 /* BriefInformationCellView.xib in Resources */ = {isa = PBXBuildFile; fileRef = 36E5C8DC2AB9AF3300FC0DE7 /* BriefInformationCellView.xib */; };
		36E5C8DF2AB9C0D800FC0DE7 /* BriefInformationCellView.swift in Sources */ = {isa = PBXBuildFile; fileRef = 36E5C8DE2AB9C0D800FC0DE7 /* BriefInformationCellView.swift */; };
		36E5C8E12AB9C0E500FC0DE7 /* BriefInformationCellViewModel.swift in Sources */ = {isa = PBXBuildFile; fileRef = 36E5C8E02AB9C0E500FC0DE7 /* BriefInformationCellViewModel.swift */; };
		36E5C8E32AB9C0F000FC0DE7 /* BriefInformationCellViewLayout.swift in Sources */ = {isa = PBXBuildFile; fileRef = 36E5C8E22AB9C0F000FC0DE7 /* BriefInformationCellViewLayout.swift */; };
		36E5C8E52AB9C14400FC0DE7 /* BriefInformationCollectionCell.swift in Sources */ = {isa = PBXBuildFile; fileRef = 36E5C8E42AB9C14400FC0DE7 /* BriefInformationCollectionCell.swift */; };
		36E5C8E82AB9C1C600FC0DE7 /* Reusable.swift in Sources */ = {isa = PBXBuildFile; fileRef = 36E5C8E72AB9C1C600FC0DE7 /* Reusable.swift */; };
		36E5C8EA2AB9C20F00FC0DE7 /* BaseCellViewModel.swift in Sources */ = {isa = PBXBuildFile; fileRef = 36E5C8E92AB9C20F00FC0DE7 /* BaseCellViewModel.swift */; };
		36E5C8EC2AB9C23900FC0DE7 /* CopyableViewModel.swift in Sources */ = {isa = PBXBuildFile; fileRef = 36E5C8EB2AB9C23900FC0DE7 /* CopyableViewModel.swift */; };
		36E5C8EE2AB9C38B00FC0DE7 /* Configurable.swift in Sources */ = {isa = PBXBuildFile; fileRef = 36E5C8ED2AB9C38B00FC0DE7 /* Configurable.swift */; };
		36E5C8F02AB9C3E400FC0DE7 /* BaseHeaderFooterViewModel.swift in Sources */ = {isa = PBXBuildFile; fileRef = 36E5C8EF2AB9C3E400FC0DE7 /* BaseHeaderFooterViewModel.swift */; };
		36E5C8F22AB9CADF00FC0DE7 /* UIEdgeInsets+Extensions.swift in Sources */ = {isa = PBXBuildFile; fileRef = 36E5C8F12AB9CADF00FC0DE7 /* UIEdgeInsets+Extensions.swift */; };
		36E5C8F42AB9CC3300FC0DE7 /* UIView+Extensions.swift in Sources */ = {isa = PBXBuildFile; fileRef = 36E5C8F32AB9CC3300FC0DE7 /* UIView+Extensions.swift */; };
		36E5C8F62AB9CE8800FC0DE7 /* BriefIInformationsCollectionView.swift in Sources */ = {isa = PBXBuildFile; fileRef = 36E5C8F52AB9CE8800FC0DE7 /* BriefIInformationsCollectionView.swift */; };
		36E5C8F82AB9CEBB00FC0DE7 /* BriefIInformationsCollectionViewModel.swift in Sources */ = {isa = PBXBuildFile; fileRef = 36E5C8F72AB9CEBB00FC0DE7 /* BriefIInformationsCollectionViewModel.swift */; };
		36E5C8FA2AB9CEC500FC0DE7 /* BriefIInformationsCollectionViewLayout.swift in Sources */ = {isa = PBXBuildFile; fileRef = 36E5C8F92AB9CEC500FC0DE7 /* BriefIInformationsCollectionViewLayout.swift */; };
		36E5C8FC2AB9CEFB00FC0DE7 /* BriefIInformationsCollectionCell.swift in Sources */ = {isa = PBXBuildFile; fileRef = 36E5C8FB2AB9CEFB00FC0DE7 /* BriefIInformationsCollectionCell.swift */; };
		36E5C8FE2AB9D1FA00FC0DE7 /* UICollectionView+Extentions.swift in Sources */ = {isa = PBXBuildFile; fileRef = 36E5C8FD2AB9D1FA00FC0DE7 /* UICollectionView+Extentions.swift */; };
		36E5C9032AB9FE0A00FC0DE7 /* MapInformationCollectionCell.swift in Sources */ = {isa = PBXBuildFile; fileRef = 36E5C9022AB9FE0A00FC0DE7 /* MapInformationCollectionCell.swift */; };
		36E5C9052AB9FE7600FC0DE7 /* MapInformationCellView.swift in Sources */ = {isa = PBXBuildFile; fileRef = 36E5C9042AB9FE7600FC0DE7 /* MapInformationCellView.swift */; };
		36E5C9072AB9FE8000FC0DE7 /* MapInformationCellView.xib in Resources */ = {isa = PBXBuildFile; fileRef = 36E5C9062AB9FE8000FC0DE7 /* MapInformationCellView.xib */; };
		36E5C9092AB9FE9000FC0DE7 /* MapInformationCellViewModel.swift in Sources */ = {isa = PBXBuildFile; fileRef = 36E5C9082AB9FE9000FC0DE7 /* MapInformationCellViewModel.swift */; };
		36E5C9102ABA0A7300FC0DE7 /* DetailInformationCollectionCell.swift in Sources */ = {isa = PBXBuildFile; fileRef = 36E5C90F2ABA0A7300FC0DE7 /* DetailInformationCollectionCell.swift */; };
		36E5C9122ABA0A9900FC0DE7 /* DetailInformationCellView.swift in Sources */ = {isa = PBXBuildFile; fileRef = 36E5C9112ABA0A9900FC0DE7 /* DetailInformationCellView.swift */; };
		36E5C9142ABA0AA000FC0DE7 /* DetailInformationCellView.xib in Resources */ = {isa = PBXBuildFile; fileRef = 36E5C9132ABA0AA000FC0DE7 /* DetailInformationCellView.xib */; };
		36E5C9162ABA0AAB00FC0DE7 /* DetailInformationCellViewModel.swift in Sources */ = {isa = PBXBuildFile; fileRef = 36E5C9152ABA0AAB00FC0DE7 /* DetailInformationCellViewModel.swift */; };
		36E5C9182ABA0AB400FC0DE7 /* DetailInformationCellViewLayout.swift in Sources */ = {isa = PBXBuildFile; fileRef = 36E5C9172ABA0AB400FC0DE7 /* DetailInformationCellViewLayout.swift */; };
		36F0B5672AB892BE005EFC75 /* AppDelegate.swift in Sources */ = {isa = PBXBuildFile; fileRef = 36F0B5662AB892BE005EFC75 /* AppDelegate.swift */; };
		36F0B5692AB892BE005EFC75 /* SceneDelegate.swift in Sources */ = {isa = PBXBuildFile; fileRef = 36F0B5682AB892BE005EFC75 /* SceneDelegate.swift */; };
		36F0B56E2AB892BE005EFC75 /* Main.storyboard in Resources */ = {isa = PBXBuildFile; fileRef = 36F0B56C2AB892BE005EFC75 /* Main.storyboard */; };
		36F0B5702AB892C2005EFC75 /* Assets.xcassets in Resources */ = {isa = PBXBuildFile; fileRef = 36F0B56F2AB892C2005EFC75 /* Assets.xcassets */; };
		36F0B5732AB892C2005EFC75 /* LaunchScreen.storyboard in Resources */ = {isa = PBXBuildFile; fileRef = 36F0B5712AB892C2005EFC75 /* LaunchScreen.storyboard */; };
		36F0F53B2AC338CE005C4790 /* KeyPathEqualizer.swift in Sources */ = {isa = PBXBuildFile; fileRef = 36F0F53A2AC338CE005C4790 /* KeyPathEqualizer.swift */; };
		C15F1E9D2AD2D1F000F3C057 /* UIImageView+Extensions.swift in Sources */ = {isa = PBXBuildFile; fileRef = C15F1E9C2AD2D1F000F3C057 /* UIImageView+Extensions.swift */; };
		C15F1EA52AD2DA0900F3C057 /* WeatherForecaseDetailsPresenter.swift in Sources */ = {isa = PBXBuildFile; fileRef = C15F1E9F2AD2DA0900F3C057 /* WeatherForecaseDetailsPresenter.swift */; };
		C15F1EA62AD2DA0900F3C057 /* WeatherForecaseDetailsRouter.swift in Sources */ = {isa = PBXBuildFile; fileRef = C15F1EA02AD2DA0900F3C057 /* WeatherForecaseDetailsRouter.swift */; };
		C15F1EA72AD2DA0900F3C057 /* WeatherForecaseDetailsViewController.swift in Sources */ = {isa = PBXBuildFile; fileRef = C15F1EA12AD2DA0900F3C057 /* WeatherForecaseDetailsViewController.swift */; };
		C15F1EA82AD2DA0900F3C057 /* WeatherForecaseDetailsModuleAssembler.swift in Sources */ = {isa = PBXBuildFile; fileRef = C15F1EA22AD2DA0900F3C057 /* WeatherForecaseDetailsModuleAssembler.swift */; };
		C15F1EA92AD2DA0900F3C057 /* WeatherForecaseDetailsProtocols.swift in Sources */ = {isa = PBXBuildFile; fileRef = C15F1EA32AD2DA0900F3C057 /* WeatherForecaseDetailsProtocols.swift */; };
		C15F1EAA2AD2DA0900F3C057 /* WeatherForecaseDetailsInteractor.swift in Sources */ = {isa = PBXBuildFile; fileRef = C15F1EA42AD2DA0900F3C057 /* WeatherForecaseDetailsInteractor.swift */; };
/* End PBXBuildFile section */

/* Begin PBXFileReference section */
		3603290F2AD9914A0092C981 /* CalendarCollectionCell.swift */ = {isa = PBXFileReference; lastKnownFileType = sourcecode.swift; path = CalendarCollectionCell.swift; sourceTree = "<group>"; };
		360329112AD991590092C981 /* CalendarCellView.swift */ = {isa = PBXFileReference; lastKnownFileType = sourcecode.swift; path = CalendarCellView.swift; sourceTree = "<group>"; };
		360329132AD991610092C981 /* CalendarCellView.xib */ = {isa = PBXFileReference; lastKnownFileType = file.xib; path = CalendarCellView.xib; sourceTree = "<group>"; };
		360329152AD991710092C981 /* CalendarCellViewModel.swift */ = {isa = PBXFileReference; lastKnownFileType = sourcecode.swift; path = CalendarCellViewModel.swift; sourceTree = "<group>"; };
		360329172AD994750092C981 /* WeatherForecastDetailsViewModel.swift */ = {isa = PBXFileReference; lastKnownFileType = sourcecode.swift; path = WeatherForecastDetailsViewModel.swift; sourceTree = "<group>"; };
		360880072AE69E920063B4DE /* CalendarCellViewLayout.swift */ = {isa = PBXFileReference; lastKnownFileType = sourcecode.swift; path = CalendarCellViewLayout.swift; sourceTree = "<group>"; };
		363ED6EF2AC1A8FB002155A8 /* BaseDataSource.swift */ = {isa = PBXFileReference; lastKnownFileType = sourcecode.swift; path = BaseDataSource.swift; sourceTree = "<group>"; };
		3648C4252AD59A540052C3A2 /*  DirectionWindCollectionCell.swift */ = {isa = PBXFileReference; lastKnownFileType = sourcecode.swift; path = " DirectionWindCollectionCell.swift"; sourceTree = "<group>"; };
		3648C4272AD59A690052C3A2 /* DirectionWindCellView.swift */ = {isa = PBXFileReference; lastKnownFileType = sourcecode.swift; path = DirectionWindCellView.swift; sourceTree = "<group>"; };
		3648C4292AD59A790052C3A2 /* DirectionWindCellView.xib */ = {isa = PBXFileReference; lastKnownFileType = file.xib; path = DirectionWindCellView.xib; sourceTree = "<group>"; };
		3648C42B2AD59A850052C3A2 /* DirectionWindCellViewModel.swift */ = {isa = PBXFileReference; lastKnownFileType = sourcecode.swift; path = DirectionWindCellViewModel.swift; sourceTree = "<group>"; };
		3648C42D2AD59A8D0052C3A2 /* DirectionWindCellViewLayout.swift */ = {isa = PBXFileReference; lastKnownFileType = sourcecode.swift; path = DirectionWindCellViewLayout.swift; sourceTree = "<group>"; };
		368EE32A2ACB001500D05BEB /* BriefInformationKind.swift */ = {isa = PBXFileReference; lastKnownFileType = sourcecode.swift; path = BriefInformationKind.swift; sourceTree = "<group>"; };
		368EE32C2ACB02DC00D05BEB /* DetailInformationKind.swift */ = {isa = PBXFileReference; lastKnownFileType = sourcecode.swift; path = DetailInformationKind.swift; sourceTree = "<group>"; };
		368EE32E2ACB0EC800D05BEB /* DomainModel.swift */ = {isa = PBXFileReference; lastKnownFileType = sourcecode.swift; path = DomainModel.swift; sourceTree = "<group>"; };
		3693319B2AD97203005B000B /* Proxy.swift */ = {isa = PBXFileReference; lastKnownFileType = sourcecode.swift; path = Proxy.swift; sourceTree = "<group>"; };
		369A9C5C2AC2410E002D9F59 /* Error+Extensions.swift */ = {isa = PBXFileReference; lastKnownFileType = sourcecode.swift; path = "Error+Extensions.swift"; sourceTree = "<group>"; };
		369C08F32AD6B66C005AF7D0 /* TitleInformationCollectionCell.swift */ = {isa = PBXFileReference; lastKnownFileType = sourcecode.swift; path = TitleInformationCollectionCell.swift; sourceTree = "<group>"; };
		369C08F52AD6B6A2005AF7D0 /* TitleInformationCellView.swift */ = {isa = PBXFileReference; lastKnownFileType = sourcecode.swift; path = TitleInformationCellView.swift; sourceTree = "<group>"; };
		369C08F72AD6B6A9005AF7D0 /* TitleInformationCellView.xib */ = {isa = PBXFileReference; lastKnownFileType = file.xib; path = TitleInformationCellView.xib; sourceTree = "<group>"; };
		369C08F92AD6B6B5005AF7D0 /* TitleInformationCellViewModel.swift */ = {isa = PBXFileReference; lastKnownFileType = sourcecode.swift; path = TitleInformationCellViewModel.swift; sourceTree = "<group>"; };
		369C677C2AC5B2430041F25B /* WeatherForecastPresenter.swift */ = {isa = PBXFileReference; lastKnownFileType = sourcecode.swift; path = WeatherForecastPresenter.swift; sourceTree = "<group>"; };
		369C677D2AC5B2430041F25B /* WeatherForecastRouter.swift */ = {isa = PBXFileReference; lastKnownFileType = sourcecode.swift; path = WeatherForecastRouter.swift; sourceTree = "<group>"; };
		369C677E2AC5B2430041F25B /* WeatherForecastViewController.swift */ = {isa = PBXFileReference; lastKnownFileType = sourcecode.swift; path = WeatherForecastViewController.swift; sourceTree = "<group>"; };
		369C677F2AC5B2430041F25B /* WeatherForecastModuleAssembler.swift */ = {isa = PBXFileReference; lastKnownFileType = sourcecode.swift; path = WeatherForecastModuleAssembler.swift; sourceTree = "<group>"; };
		369C67802AC5B2430041F25B /* WeatherForecastProtocols.swift */ = {isa = PBXFileReference; lastKnownFileType = sourcecode.swift; path = WeatherForecastProtocols.swift; sourceTree = "<group>"; };
		369C67812AC5B2430041F25B /* WeatherForecastInteractor.swift */ = {isa = PBXFileReference; lastKnownFileType = sourcecode.swift; path = WeatherForecastInteractor.swift; sourceTree = "<group>"; };
		369C67822AC5B2430041F25B /* WeatherForecastViewModel.swift */ = {isa = PBXFileReference; lastKnownFileType = sourcecode.swift; path = WeatherForecastViewModel.swift; sourceTree = "<group>"; };
		369C678A2AC5B5710041F25B /* UIViewController+Extensions.swift */ = {isa = PBXFileReference; lastKnownFileType = sourcecode.swift; path = "UIViewController+Extensions.swift"; sourceTree = "<group>"; };
		36A3410D2ABA35FB00B4EFDE /* AttributesInformationCellView.xib */ = {isa = PBXFileReference; lastKnownFileType = file.xib; path = AttributesInformationCellView.xib; sourceTree = "<group>"; };
		36A3410F2ABA399300B4EFDE /* AttributesInformationCellView.swift */ = {isa = PBXFileReference; lastKnownFileType = sourcecode.swift; path = AttributesInformationCellView.swift; sourceTree = "<group>"; };
		36A341112ABA399C00B4EFDE /* AttributesInformationCellViewModel.swift */ = {isa = PBXFileReference; lastKnownFileType = sourcecode.swift; path = AttributesInformationCellViewModel.swift; sourceTree = "<group>"; };
		36A341132ABA39A600B4EFDE /* AttributesInformationCellViewLayout.swift */ = {isa = PBXFileReference; lastKnownFileType = sourcecode.swift; path = AttributesInformationCellViewLayout.swift; sourceTree = "<group>"; };
		36A341152ABA39B000B4EFDE /* AttributesInformationCollectionCell.swift */ = {isa = PBXFileReference; lastKnownFileType = sourcecode.swift; path = AttributesInformationCollectionCell.swift; sourceTree = "<group>"; };
		36D5DCD02ABB0AEA003CEF91 /* WeatherForecastNetworkService.swift */ = {isa = PBXFileReference; lastKnownFileType = sourcecode.swift; path = WeatherForecastNetworkService.swift; sourceTree = "<group>"; };
		36D5DCD52ABB5DC2003CEF91 /* WeatherData.swift */ = {isa = PBXFileReference; lastKnownFileType = sourcecode.swift; path = WeatherData.swift; sourceTree = "<group>"; };
		36E5C8D62AB9AE4100FC0DE7 /* BriefIInformationsCollectionView.xib */ = {isa = PBXFileReference; lastKnownFileType = file.xib; path = BriefIInformationsCollectionView.xib; sourceTree = "<group>"; };
		36E5C8DC2AB9AF3300FC0DE7 /* BriefInformationCellView.xib */ = {isa = PBXFileReference; lastKnownFileType = file.xib; path = BriefInformationCellView.xib; sourceTree = "<group>"; };
		36E5C8DE2AB9C0D800FC0DE7 /* BriefInformationCellView.swift */ = {isa = PBXFileReference; lastKnownFileType = sourcecode.swift; path = BriefInformationCellView.swift; sourceTree = "<group>"; };
		36E5C8E02AB9C0E500FC0DE7 /* BriefInformationCellViewModel.swift */ = {isa = PBXFileReference; lastKnownFileType = sourcecode.swift; path = BriefInformationCellViewModel.swift; sourceTree = "<group>"; };
		36E5C8E22AB9C0F000FC0DE7 /* BriefInformationCellViewLayout.swift */ = {isa = PBXFileReference; lastKnownFileType = sourcecode.swift; path = BriefInformationCellViewLayout.swift; sourceTree = "<group>"; };
		36E5C8E42AB9C14400FC0DE7 /* BriefInformationCollectionCell.swift */ = {isa = PBXFileReference; lastKnownFileType = sourcecode.swift; path = BriefInformationCollectionCell.swift; sourceTree = "<group>"; };
		36E5C8E72AB9C1C600FC0DE7 /* Reusable.swift */ = {isa = PBXFileReference; lastKnownFileType = sourcecode.swift; path = Reusable.swift; sourceTree = "<group>"; };
		36E5C8E92AB9C20F00FC0DE7 /* BaseCellViewModel.swift */ = {isa = PBXFileReference; lastKnownFileType = sourcecode.swift; path = BaseCellViewModel.swift; sourceTree = "<group>"; };
		36E5C8EB2AB9C23900FC0DE7 /* CopyableViewModel.swift */ = {isa = PBXFileReference; lastKnownFileType = sourcecode.swift; path = CopyableViewModel.swift; sourceTree = "<group>"; };
		36E5C8ED2AB9C38B00FC0DE7 /* Configurable.swift */ = {isa = PBXFileReference; lastKnownFileType = sourcecode.swift; path = Configurable.swift; sourceTree = "<group>"; };
		36E5C8EF2AB9C3E400FC0DE7 /* BaseHeaderFooterViewModel.swift */ = {isa = PBXFileReference; lastKnownFileType = sourcecode.swift; path = BaseHeaderFooterViewModel.swift; sourceTree = "<group>"; };
		36E5C8F12AB9CADF00FC0DE7 /* UIEdgeInsets+Extensions.swift */ = {isa = PBXFileReference; lastKnownFileType = sourcecode.swift; path = "UIEdgeInsets+Extensions.swift"; sourceTree = "<group>"; };
		36E5C8F32AB9CC3300FC0DE7 /* UIView+Extensions.swift */ = {isa = PBXFileReference; lastKnownFileType = sourcecode.swift; path = "UIView+Extensions.swift"; sourceTree = "<group>"; };
		36E5C8F52AB9CE8800FC0DE7 /* BriefIInformationsCollectionView.swift */ = {isa = PBXFileReference; lastKnownFileType = sourcecode.swift; path = BriefIInformationsCollectionView.swift; sourceTree = "<group>"; };
		36E5C8F72AB9CEBB00FC0DE7 /* BriefIInformationsCollectionViewModel.swift */ = {isa = PBXFileReference; lastKnownFileType = sourcecode.swift; path = BriefIInformationsCollectionViewModel.swift; sourceTree = "<group>"; };
		36E5C8F92AB9CEC500FC0DE7 /* BriefIInformationsCollectionViewLayout.swift */ = {isa = PBXFileReference; lastKnownFileType = sourcecode.swift; path = BriefIInformationsCollectionViewLayout.swift; sourceTree = "<group>"; };
		36E5C8FB2AB9CEFB00FC0DE7 /* BriefIInformationsCollectionCell.swift */ = {isa = PBXFileReference; lastKnownFileType = sourcecode.swift; path = BriefIInformationsCollectionCell.swift; sourceTree = "<group>"; };
		36E5C8FD2AB9D1FA00FC0DE7 /* UICollectionView+Extentions.swift */ = {isa = PBXFileReference; lastKnownFileType = sourcecode.swift; path = "UICollectionView+Extentions.swift"; sourceTree = "<group>"; };
		36E5C9022AB9FE0A00FC0DE7 /* MapInformationCollectionCell.swift */ = {isa = PBXFileReference; lastKnownFileType = sourcecode.swift; path = MapInformationCollectionCell.swift; sourceTree = "<group>"; };
		36E5C9042AB9FE7600FC0DE7 /* MapInformationCellView.swift */ = {isa = PBXFileReference; lastKnownFileType = sourcecode.swift; path = MapInformationCellView.swift; sourceTree = "<group>"; };
		36E5C9062AB9FE8000FC0DE7 /* MapInformationCellView.xib */ = {isa = PBXFileReference; lastKnownFileType = file.xib; path = MapInformationCellView.xib; sourceTree = "<group>"; };
		36E5C9082AB9FE9000FC0DE7 /* MapInformationCellViewModel.swift */ = {isa = PBXFileReference; lastKnownFileType = sourcecode.swift; path = MapInformationCellViewModel.swift; sourceTree = "<group>"; };
		36E5C90F2ABA0A7300FC0DE7 /* DetailInformationCollectionCell.swift */ = {isa = PBXFileReference; lastKnownFileType = sourcecode.swift; path = DetailInformationCollectionCell.swift; sourceTree = "<group>"; };
		36E5C9112ABA0A9900FC0DE7 /* DetailInformationCellView.swift */ = {isa = PBXFileReference; lastKnownFileType = sourcecode.swift; path = DetailInformationCellView.swift; sourceTree = "<group>"; };
		36E5C9132ABA0AA000FC0DE7 /* DetailInformationCellView.xib */ = {isa = PBXFileReference; lastKnownFileType = file.xib; path = DetailInformationCellView.xib; sourceTree = "<group>"; };
		36E5C9152ABA0AAB00FC0DE7 /* DetailInformationCellViewModel.swift */ = {isa = PBXFileReference; lastKnownFileType = sourcecode.swift; path = DetailInformationCellViewModel.swift; sourceTree = "<group>"; };
		36E5C9172ABA0AB400FC0DE7 /* DetailInformationCellViewLayout.swift */ = {isa = PBXFileReference; lastKnownFileType = sourcecode.swift; path = DetailInformationCellViewLayout.swift; sourceTree = "<group>"; };
		36F0B5632AB892BE005EFC75 /* Weather Forecast.app */ = {isa = PBXFileReference; explicitFileType = wrapper.application; includeInIndex = 0; path = "Weather Forecast.app"; sourceTree = BUILT_PRODUCTS_DIR; };
		36F0B5662AB892BE005EFC75 /* AppDelegate.swift */ = {isa = PBXFileReference; lastKnownFileType = sourcecode.swift; path = AppDelegate.swift; sourceTree = "<group>"; };
		36F0B5682AB892BE005EFC75 /* SceneDelegate.swift */ = {isa = PBXFileReference; lastKnownFileType = sourcecode.swift; path = SceneDelegate.swift; sourceTree = "<group>"; };
		36F0B56D2AB892BE005EFC75 /* Base */ = {isa = PBXFileReference; lastKnownFileType = file.storyboard; name = Base; path = Base.lproj/Main.storyboard; sourceTree = "<group>"; };
		36F0B56F2AB892C2005EFC75 /* Assets.xcassets */ = {isa = PBXFileReference; lastKnownFileType = folder.assetcatalog; path = Assets.xcassets; sourceTree = "<group>"; };
		36F0B5722AB892C2005EFC75 /* Base */ = {isa = PBXFileReference; lastKnownFileType = file.storyboard; name = Base; path = Base.lproj/LaunchScreen.storyboard; sourceTree = "<group>"; };
		36F0B5742AB892C2005EFC75 /* Info.plist */ = {isa = PBXFileReference; lastKnownFileType = text.plist.xml; path = Info.plist; sourceTree = "<group>"; };
		36F0F53A2AC338CE005C4790 /* KeyPathEqualizer.swift */ = {isa = PBXFileReference; lastKnownFileType = sourcecode.swift; path = KeyPathEqualizer.swift; sourceTree = "<group>"; };
		C15F1E9C2AD2D1F000F3C057 /* UIImageView+Extensions.swift */ = {isa = PBXFileReference; lastKnownFileType = sourcecode.swift; path = "UIImageView+Extensions.swift"; sourceTree = "<group>"; };
		C15F1E9F2AD2DA0900F3C057 /* WeatherForecaseDetailsPresenter.swift */ = {isa = PBXFileReference; lastKnownFileType = sourcecode.swift; path = WeatherForecaseDetailsPresenter.swift; sourceTree = "<group>"; };
		C15F1EA02AD2DA0900F3C057 /* WeatherForecaseDetailsRouter.swift */ = {isa = PBXFileReference; lastKnownFileType = sourcecode.swift; path = WeatherForecaseDetailsRouter.swift; sourceTree = "<group>"; };
		C15F1EA12AD2DA0900F3C057 /* WeatherForecaseDetailsViewController.swift */ = {isa = PBXFileReference; lastKnownFileType = sourcecode.swift; path = WeatherForecaseDetailsViewController.swift; sourceTree = "<group>"; };
		C15F1EA22AD2DA0900F3C057 /* WeatherForecaseDetailsModuleAssembler.swift */ = {isa = PBXFileReference; lastKnownFileType = sourcecode.swift; path = WeatherForecaseDetailsModuleAssembler.swift; sourceTree = "<group>"; };
		C15F1EA32AD2DA0900F3C057 /* WeatherForecaseDetailsProtocols.swift */ = {isa = PBXFileReference; lastKnownFileType = sourcecode.swift; path = WeatherForecaseDetailsProtocols.swift; sourceTree = "<group>"; };
		C15F1EA42AD2DA0900F3C057 /* WeatherForecaseDetailsInteractor.swift */ = {isa = PBXFileReference; lastKnownFileType = sourcecode.swift; path = WeatherForecaseDetailsInteractor.swift; sourceTree = "<group>"; };
/* End PBXFileReference section */

/* Begin PBXFrameworksBuildPhase section */
		36F0B5602AB892BE005EFC75 /* Frameworks */ = {
			isa = PBXFrameworksBuildPhase;
			buildActionMask = 2147483647;
			files = (
				36C7D24E2AEAD12B003AAB0F /* Kingfisher in Frameworks */,
				36C7D2492AEAD123003AAB0F /* DGCharts in Frameworks */,
				36C7D24B2AEAD123003AAB0F /* DGChartsDynamic in Frameworks */,
				36131D972AEA7F8E00DD2BA4 /* Alamofire in Frameworks */,
			);
			runOnlyForDeploymentPostprocessing = 0;
		};
/* End PBXFrameworksBuildPhase section */

/* Begin PBXGroup section */
		3603290B2AD990B00092C981 /* Subviews */ = {
			isa = PBXGroup;
			children = (
				3603290C2AD990CA0092C981 /* CalendarCollectionCell */,
			);
			path = Subviews;
			sourceTree = "<group>";
		};
		3603290C2AD990CA0092C981 /* CalendarCollectionCell */ = {
			isa = PBXGroup;
			children = (
				3603290E2AD991360092C981 /* Collection */,
				3603290D2AD991320092C981 /* Base */,
			);
			path = CalendarCollectionCell;
			sourceTree = "<group>";
		};
		3603290D2AD991320092C981 /* Base */ = {
			isa = PBXGroup;
			children = (
				360329112AD991590092C981 /* CalendarCellView.swift */,
				360329132AD991610092C981 /* CalendarCellView.xib */,
				360329152AD991710092C981 /* CalendarCellViewModel.swift */,
				360880072AE69E920063B4DE /* CalendarCellViewLayout.swift */,
			);
			path = Base;
			sourceTree = "<group>";
		};
		3603290E2AD991360092C981 /* Collection */ = {
			isa = PBXGroup;
			children = (
				3603290F2AD9914A0092C981 /* CalendarCollectionCell.swift */,
			);
			path = Collection;
			sourceTree = "<group>";
		};
		3648C4222AD599F30052C3A2 /*  DirectionWindCollectionCell */ = {
			isa = PBXGroup;
			children = (
				3648C4232AD59A2A0052C3A2 /* Collection */,
				3648C4242AD59A320052C3A2 /* Base */,
			);
			path = " DirectionWindCollectionCell";
			sourceTree = "<group>";
		};
		3648C4232AD59A2A0052C3A2 /* Collection */ = {
			isa = PBXGroup;
			children = (
				3648C4252AD59A540052C3A2 /*  DirectionWindCollectionCell.swift */,
			);
			path = Collection;
			sourceTree = "<group>";
		};
		3648C4242AD59A320052C3A2 /* Base */ = {
			isa = PBXGroup;
			children = (
				3648C4272AD59A690052C3A2 /* DirectionWindCellView.swift */,
				3648C4292AD59A790052C3A2 /* DirectionWindCellView.xib */,
				3648C42B2AD59A850052C3A2 /* DirectionWindCellViewModel.swift */,
				3648C42D2AD59A8D0052C3A2 /* DirectionWindCellViewLayout.swift */,
			);
			path = Base;
			sourceTree = "<group>";
		};
		369C08F02AD6B62A005AF7D0 /* TitleInformationCollectionCell */ = {
			isa = PBXGroup;
			children = (
				369C08F12AD6B63B005AF7D0 /* Collection */,
				369C08F22AD6B643005AF7D0 /* Base */,
			);
			path = TitleInformationCollectionCell;
			sourceTree = "<group>";
		};
		369C08F12AD6B63B005AF7D0 /* Collection */ = {
			isa = PBXGroup;
			children = (
				369C08F32AD6B66C005AF7D0 /* TitleInformationCollectionCell.swift */,
			);
			path = Collection;
			sourceTree = "<group>";
		};
		369C08F22AD6B643005AF7D0 /* Base */ = {
			isa = PBXGroup;
			children = (
				369C08F52AD6B6A2005AF7D0 /* TitleInformationCellView.swift */,
				369C08F72AD6B6A9005AF7D0 /* TitleInformationCellView.xib */,
				369C08F92AD6B6B5005AF7D0 /* TitleInformationCellViewModel.swift */,
			);
			path = Base;
			sourceTree = "<group>";
		};
		369C677B2AC5B2200041F25B /* WeatherForecast */ = {
			isa = PBXGroup;
			children = (
				C15F1E932AD2CCAD00F3C057 /* Subviews */,
				369C67822AC5B2430041F25B /* WeatherForecastViewModel.swift */,
				369C677E2AC5B2430041F25B /* WeatherForecastViewController.swift */,
				369C677C2AC5B2430041F25B /* WeatherForecastPresenter.swift */,
				369C67812AC5B2430041F25B /* WeatherForecastInteractor.swift */,
				369C677D2AC5B2430041F25B /* WeatherForecastRouter.swift */,
				369C67802AC5B2430041F25B /* WeatherForecastProtocols.swift */,
				369C677F2AC5B2430041F25B /* WeatherForecastModuleAssembler.swift */,
			);
			path = WeatherForecast;
			sourceTree = "<group>";
		};
		36A3410A2ABA339100B4EFDE /* AttributesInformationCollectionCell */ = {
			isa = PBXGroup;
			children = (
				36A3410C2ABA35CF00B4EFDE /* Collection */,
				36A3410B2ABA35CA00B4EFDE /* Base */,
			);
			path = AttributesInformationCollectionCell;
			sourceTree = "<group>";
		};
		36A3410B2ABA35CA00B4EFDE /* Base */ = {
			isa = PBXGroup;
			children = (
				36A3410F2ABA399300B4EFDE /* AttributesInformationCellView.swift */,
				36A3410D2ABA35FB00B4EFDE /* AttributesInformationCellView.xib */,
				36A341112ABA399C00B4EFDE /* AttributesInformationCellViewModel.swift */,
				36A341132ABA39A600B4EFDE /* AttributesInformationCellViewLayout.swift */,
			);
			path = Base;
			sourceTree = "<group>";
		};
		36A3410C2ABA35CF00B4EFDE /* Collection */ = {
			isa = PBXGroup;
			children = (
				36A341152ABA39B000B4EFDE /* AttributesInformationCollectionCell.swift */,
			);
			path = Collection;
			sourceTree = "<group>";
		};
		36D5DCCF2ABB0A8E003CEF91 /* Services */ = {
			isa = PBXGroup;
			children = (
				C15F1E962AD2CF3D00F3C057 /* Network */,
			);
			path = Services;
			sourceTree = "<group>";
		};
		36D5DCD42ABB5DA5003CEF91 /* Models */ = {
			isa = PBXGroup;
			children = (
				368EE32E2ACB0EC800D05BEB /* DomainModel.swift */,
				368EE32A2ACB001500D05BEB /* BriefInformationKind.swift */,
				368EE32C2ACB02DC00D05BEB /* DetailInformationKind.swift */,
			);
			path = Models;
			sourceTree = "<group>";
		};
		36E5C8CC2AB9A54A00FC0DE7 /* Application */ = {
			isa = PBXGroup;
			children = (
				36F0B5662AB892BE005EFC75 /* AppDelegate.swift */,
				36F0B5682AB892BE005EFC75 /* SceneDelegate.swift */,
			);
			path = Application;
			sourceTree = "<group>";
		};
		36E5C8CD2AB9A58800FC0DE7 /* Resources */ = {
			isa = PBXGroup;
			children = (
				36F0B56F2AB892C2005EFC75 /* Assets.xcassets */,
				36F0B5712AB892C2005EFC75 /* LaunchScreen.storyboard */,
				36F0B5742AB892C2005EFC75 /* Info.plist */,
			);
			path = Resources;
			sourceTree = "<group>";
		};
		36E5C8CE2AB9A5A300FC0DE7 /* Storyboards */ = {
			isa = PBXGroup;
			children = (
				36F0B56C2AB892BE005EFC75 /* Main.storyboard */,
			);
			path = Storyboards;
			sourceTree = "<group>";
		};
		36E5C8D22AB9AB5100FC0DE7 /* Modules */ = {
			isa = PBXGroup;
			children = (
				C15F1E9E2AD2D9F700F3C057 /* WeatherForecaseDetails */,
				369C677B2AC5B2200041F25B /* WeatherForecast */,
			);
			path = Modules;
			sourceTree = "<group>";
		};
		36E5C8D32AB9ADF300FC0DE7 /* BriefInformationsCollectionCell */ = {
			isa = PBXGroup;
			children = (
				36E5C8D82AB9AEEB00FC0DE7 /* BriefInformationCell */,
				36E5C8D52AB9AE1F00FC0DE7 /* Collection */,
				36E5C8D42AB9AE0F00FC0DE7 /* Base */,
			);
			path = BriefInformationsCollectionCell;
			sourceTree = "<group>";
		};
		36E5C8D42AB9AE0F00FC0DE7 /* Base */ = {
			isa = PBXGroup;
			children = (
				36E5C8F52AB9CE8800FC0DE7 /* BriefIInformationsCollectionView.swift */,
				36E5C8D62AB9AE4100FC0DE7 /* BriefIInformationsCollectionView.xib */,
				36E5C8F72AB9CEBB00FC0DE7 /* BriefIInformationsCollectionViewModel.swift */,
				36E5C8F92AB9CEC500FC0DE7 /* BriefIInformationsCollectionViewLayout.swift */,
			);
			path = Base;
			sourceTree = "<group>";
		};
		36E5C8D52AB9AE1F00FC0DE7 /* Collection */ = {
			isa = PBXGroup;
			children = (
				36E5C8FB2AB9CEFB00FC0DE7 /* BriefIInformationsCollectionCell.swift */,
			);
			path = Collection;
			sourceTree = "<group>";
		};
		36E5C8D82AB9AEEB00FC0DE7 /* BriefInformationCell */ = {
			isa = PBXGroup;
			children = (
				36E5C8DB2AB9AF1400FC0DE7 /* Collection */,
				36E5C8DA2AB9AF0C00FC0DE7 /* Base */,
			);
			path = BriefInformationCell;
			sourceTree = "<group>";
		};
		36E5C8DA2AB9AF0C00FC0DE7 /* Base */ = {
			isa = PBXGroup;
			children = (
				36E5C8DE2AB9C0D800FC0DE7 /* BriefInformationCellView.swift */,
				36E5C8DC2AB9AF3300FC0DE7 /* BriefInformationCellView.xib */,
				36E5C8E02AB9C0E500FC0DE7 /* BriefInformationCellViewModel.swift */,
				36E5C8E22AB9C0F000FC0DE7 /* BriefInformationCellViewLayout.swift */,
			);
			path = Base;
			sourceTree = "<group>";
		};
		36E5C8DB2AB9AF1400FC0DE7 /* Collection */ = {
			isa = PBXGroup;
			children = (
				36E5C8E42AB9C14400FC0DE7 /* BriefInformationCollectionCell.swift */,
			);
			path = Collection;
			sourceTree = "<group>";
		};
		36E5C8E62AB9C1AF00FC0DE7 /* Extentions */ = {
			isa = PBXGroup;
			children = (
				36E5C8F12AB9CADF00FC0DE7 /* UIEdgeInsets+Extensions.swift */,
				36E5C8F32AB9CC3300FC0DE7 /* UIView+Extensions.swift */,
				36E5C8FD2AB9D1FA00FC0DE7 /* UICollectionView+Extentions.swift */,
				369A9C5C2AC2410E002D9F59 /* Error+Extensions.swift */,
				369C678A2AC5B5710041F25B /* UIViewController+Extensions.swift */,
				C15F1E9C2AD2D1F000F3C057 /* UIImageView+Extensions.swift */,
			);
			path = Extentions;
			sourceTree = "<group>";
		};
		36E5C8FF2AB9FD6B00FC0DE7 /* MapInformationCollectionCell */ = {
			isa = PBXGroup;
			children = (
				36E5C9012AB9FDDA00FC0DE7 /* Collection */,
				36E5C9002AB9FDD200FC0DE7 /* Base */,
			);
			path = MapInformationCollectionCell;
			sourceTree = "<group>";
		};
		36E5C9002AB9FDD200FC0DE7 /* Base */ = {
			isa = PBXGroup;
			children = (
				36E5C9042AB9FE7600FC0DE7 /* MapInformationCellView.swift */,
				36E5C9062AB9FE8000FC0DE7 /* MapInformationCellView.xib */,
				36E5C9082AB9FE9000FC0DE7 /* MapInformationCellViewModel.swift */,
			);
			path = Base;
			sourceTree = "<group>";
		};
		36E5C9012AB9FDDA00FC0DE7 /* Collection */ = {
			isa = PBXGroup;
			children = (
				36E5C9022AB9FE0A00FC0DE7 /* MapInformationCollectionCell.swift */,
			);
			path = Collection;
			sourceTree = "<group>";
		};
		36E5C90C2ABA09C700FC0DE7 /* DetailInformationCollectionCell */ = {
			isa = PBXGroup;
			children = (
				36E5C90E2ABA0A3300FC0DE7 /* Collection */,
				36E5C90D2ABA0A2D00FC0DE7 /* Base */,
			);
			path = DetailInformationCollectionCell;
			sourceTree = "<group>";
		};
		36E5C90D2ABA0A2D00FC0DE7 /* Base */ = {
			isa = PBXGroup;
			children = (
				36E5C9112ABA0A9900FC0DE7 /* DetailInformationCellView.swift */,
				36E5C9132ABA0AA000FC0DE7 /* DetailInformationCellView.xib */,
				36E5C9152ABA0AAB00FC0DE7 /* DetailInformationCellViewModel.swift */,
				36E5C9172ABA0AB400FC0DE7 /* DetailInformationCellViewLayout.swift */,
			);
			path = Base;
			sourceTree = "<group>";
		};
		36E5C90E2ABA0A3300FC0DE7 /* Collection */ = {
			isa = PBXGroup;
			children = (
				36E5C90F2ABA0A7300FC0DE7 /* DetailInformationCollectionCell.swift */,
			);
			path = Collection;
			sourceTree = "<group>";
		};
		36F0B55A2AB892BE005EFC75 = {
			isa = PBXGroup;
			children = (
				36F0B5652AB892BE005EFC75 /* Weather Forecast */,
				36F0B5642AB892BE005EFC75 /* Products */,
			);
			sourceTree = "<group>";
		};
		36F0B5642AB892BE005EFC75 /* Products */ = {
			isa = PBXGroup;
			children = (
				36F0B5632AB892BE005EFC75 /* Weather Forecast.app */,
			);
			name = Products;
			sourceTree = "<group>";
		};
		36F0B5652AB892BE005EFC75 /* Weather Forecast */ = {
			isa = PBXGroup;
			children = (
				C15F1E922AD2CC7D00F3C057 /* Sources */,
				36E5C8CD2AB9A58800FC0DE7 /* Resources */,
			);
			path = "Weather Forecast";
			sourceTree = "<group>";
		};
		C15F1E922AD2CC7D00F3C057 /* Sources */ = {
			isa = PBXGroup;
			children = (
				C15F1E942AD2CCBC00F3C057 /* Common */,
				36E5C8CC2AB9A54A00FC0DE7 /* Application */,
				36E5C8CE2AB9A5A300FC0DE7 /* Storyboards */,
				36E5C8D22AB9AB5100FC0DE7 /* Modules */,
			);
			path = Sources;
			sourceTree = "<group>";
		};
		C15F1E932AD2CCAD00F3C057 /* Subviews */ = {
			isa = PBXGroup;
			children = (
				369C08F02AD6B62A005AF7D0 /* TitleInformationCollectionCell */,
				36E5C8D32AB9ADF300FC0DE7 /* BriefInformationsCollectionCell */,
				36E5C90C2ABA09C700FC0DE7 /* DetailInformationCollectionCell */,
				36E5C8FF2AB9FD6B00FC0DE7 /* MapInformationCollectionCell */,
				36A3410A2ABA339100B4EFDE /* AttributesInformationCollectionCell */,
				3648C4222AD599F30052C3A2 /*  DirectionWindCollectionCell */,
			);
			path = Subviews;
			sourceTree = "<group>";
		};
		C15F1E942AD2CCBC00F3C057 /* Common */ = {
			isa = PBXGroup;
			children = (
				C15F1E952AD2CCD600F3C057 /* Protocols */,
				36E5C8E62AB9C1AF00FC0DE7 /* Extentions */,
				36D5DCCF2ABB0A8E003CEF91 /* Services */,
				36D5DCD42ABB5DA5003CEF91 /* Models */,
			);
			path = Common;
			sourceTree = "<group>";
		};
		C15F1E952AD2CCD600F3C057 /* Protocols */ = {
			isa = PBXGroup;
			children = (
				363ED6EF2AC1A8FB002155A8 /* BaseDataSource.swift */,
				36F0F53A2AC338CE005C4790 /* KeyPathEqualizer.swift */,
				36E5C8EB2AB9C23900FC0DE7 /* CopyableViewModel.swift */,
				36E5C8ED2AB9C38B00FC0DE7 /* Configurable.swift */,
				36E5C8EF2AB9C3E400FC0DE7 /* BaseHeaderFooterViewModel.swift */,
				36E5C8E92AB9C20F00FC0DE7 /* BaseCellViewModel.swift */,
				36E5C8E72AB9C1C600FC0DE7 /* Reusable.swift */,
				3693319B2AD97203005B000B /* Proxy.swift */,
			);
			path = Protocols;
			sourceTree = "<group>";
		};
		C15F1E962AD2CF3D00F3C057 /* Network */ = {
			isa = PBXGroup;
			children = (
				C15F1E972AD2CF4400F3C057 /* WeatherForecast */,
			);
			path = Network;
			sourceTree = "<group>";
		};
		C15F1E972AD2CF4400F3C057 /* WeatherForecast */ = {
			isa = PBXGroup;
			children = (
				C15F1E982AD2CF4E00F3C057 /* Models */,
				36D5DCD02ABB0AEA003CEF91 /* WeatherForecastNetworkService.swift */,
			);
			path = WeatherForecast;
			sourceTree = "<group>";
		};
		C15F1E982AD2CF4E00F3C057 /* Models */ = {
			isa = PBXGroup;
			children = (
				36D5DCD52ABB5DC2003CEF91 /* WeatherData.swift */,
			);
			path = Models;
			sourceTree = "<group>";
		};
		C15F1E9E2AD2D9F700F3C057 /* WeatherForecaseDetails */ = {
			isa = PBXGroup;
			children = (
				3603290B2AD990B00092C981 /* Subviews */,
				360329172AD994750092C981 /* WeatherForecastDetailsViewModel.swift */,
				C15F1EA12AD2DA0900F3C057 /* WeatherForecaseDetailsViewController.swift */,
				C15F1E9F2AD2DA0900F3C057 /* WeatherForecaseDetailsPresenter.swift */,
				C15F1EA42AD2DA0900F3C057 /* WeatherForecaseDetailsInteractor.swift */,
				C15F1EA02AD2DA0900F3C057 /* WeatherForecaseDetailsRouter.swift */,
				C15F1EA32AD2DA0900F3C057 /* WeatherForecaseDetailsProtocols.swift */,
				C15F1EA22AD2DA0900F3C057 /* WeatherForecaseDetailsModuleAssembler.swift */,
			);
			path = WeatherForecaseDetails;
			sourceTree = "<group>";
		};
/* End PBXGroup section */

/* Begin PBXNativeTarget section */
		36F0B5622AB892BE005EFC75 /* Weather Forecast */ = {
			isa = PBXNativeTarget;
			buildConfigurationList = 36F0B5772AB892C2005EFC75 /* Build configuration list for PBXNativeTarget "Weather Forecast" */;
			buildPhases = (
				36F0B55F2AB892BE005EFC75 /* Sources */,
				36F0B5602AB892BE005EFC75 /* Frameworks */,
				36F0B5612AB892BE005EFC75 /* Resources */,
			);
			buildRules = (
			);
			dependencies = (
			);
			name = "Weather Forecast";
			packageProductDependencies = (
				36131D962AEA7F8E00DD2BA4 /* Alamofire */,
				36C7D2482AEAD123003AAB0F /* DGCharts */,
				36C7D24A2AEAD123003AAB0F /* DGChartsDynamic */,
				36C7D24D2AEAD12B003AAB0F /* Kingfisher */,
			);
			productName = "Weather Forecast";
			productReference = 36F0B5632AB892BE005EFC75 /* Weather Forecast.app */;
			productType = "com.apple.product-type.application";
		};
/* End PBXNativeTarget section */

/* Begin PBXProject section */
		36F0B55B2AB892BE005EFC75 /* Project object */ = {
			isa = PBXProject;
			attributes = {
				BuildIndependentTargetsInParallel = 1;
				LastSwiftUpdateCheck = 1430;
				LastUpgradeCheck = 1430;
				TargetAttributes = {
					36F0B5622AB892BE005EFC75 = {
						CreatedOnToolsVersion = 14.3;
					};
				};
			};
			buildConfigurationList = 36F0B55E2AB892BE005EFC75 /* Build configuration list for PBXProject "Weather Forecast" */;
			compatibilityVersion = "Xcode 14.0";
			developmentRegion = en;
			hasScannedForEncodings = 0;
			knownRegions = (
				en,
				Base,
			);
			mainGroup = 36F0B55A2AB892BE005EFC75;
			packageReferences = (
				36131D952AEA7F8E00DD2BA4 /* XCRemoteSwiftPackageReference "Alamofire" */,
				36C7D2472AEAD123003AAB0F /* XCRemoteSwiftPackageReference "Charts" */,
				36C7D24C2AEAD12B003AAB0F /* XCRemoteSwiftPackageReference "Kingfisher" */,
			);
			productRefGroup = 36F0B5642AB892BE005EFC75 /* Products */;
			projectDirPath = "";
			projectRoot = "";
			targets = (
				36F0B5622AB892BE005EFC75 /* Weather Forecast */,
			);
		};
/* End PBXProject section */

/* Begin PBXResourcesBuildPhase section */
		36F0B5612AB892BE005EFC75 /* Resources */ = {
			isa = PBXResourcesBuildPhase;
			buildActionMask = 2147483647;
			files = (
				36E5C9072AB9FE8000FC0DE7 /* MapInformationCellView.xib in Resources */,
				36E5C8D72AB9AE4100FC0DE7 /* BriefIInformationsCollectionView.xib in Resources */,
				369C08F82AD6B6A9005AF7D0 /* TitleInformationCellView.xib in Resources */,
				3648C42A2AD59A790052C3A2 /* DirectionWindCellView.xib in Resources */,
				36F0B5732AB892C2005EFC75 /* LaunchScreen.storyboard in Resources */,
				36E5C9142ABA0AA000FC0DE7 /* DetailInformationCellView.xib in Resources */,
				36F0B5702AB892C2005EFC75 /* Assets.xcassets in Resources */,
				36E5C8DD2AB9AF3300FC0DE7 /* BriefInformationCellView.xib in Resources */,
				360329142AD991610092C981 /* CalendarCellView.xib in Resources */,
				36A3410E2ABA35FB00B4EFDE /* AttributesInformationCellView.xib in Resources */,
				36F0B56E2AB892BE005EFC75 /* Main.storyboard in Resources */,
			);
			runOnlyForDeploymentPostprocessing = 0;
		};
/* End PBXResourcesBuildPhase section */

/* Begin PBXSourcesBuildPhase section */
		36F0B55F2AB892BE005EFC75 /* Sources */ = {
			isa = PBXSourcesBuildPhase;
			buildActionMask = 2147483647;
			files = (
				36E5C8E32AB9C0F000FC0DE7 /* BriefInformationCellViewLayout.swift in Sources */,
				36F0F53B2AC338CE005C4790 /* KeyPathEqualizer.swift in Sources */,
				36E5C8FC2AB9CEFB00FC0DE7 /* BriefIInformationsCollectionCell.swift in Sources */,
				369C67832AC5B2430041F25B /* WeatherForecastPresenter.swift in Sources */,
				3693319C2AD97203005B000B /* Proxy.swift in Sources */,
				36E5C9182ABA0AB400FC0DE7 /* DetailInformationCellViewLayout.swift in Sources */,
				C15F1EA52AD2DA0900F3C057 /* WeatherForecaseDetailsPresenter.swift in Sources */,
				369C67882AC5B2430041F25B /* WeatherForecastInteractor.swift in Sources */,
				36A341102ABA399300B4EFDE /* AttributesInformationCellView.swift in Sources */,
				C15F1EA82AD2DA0900F3C057 /* WeatherForecaseDetailsModuleAssembler.swift in Sources */,
				369C08FA2AD6B6B5005AF7D0 /* TitleInformationCellViewModel.swift in Sources */,
				368EE32B2ACB001500D05BEB /* BriefInformationKind.swift in Sources */,
				360329182AD994750092C981 /* WeatherForecastDetailsViewModel.swift in Sources */,
				C15F1E9D2AD2D1F000F3C057 /* UIImageView+Extensions.swift in Sources */,
				369C67852AC5B2430041F25B /* WeatherForecastViewController.swift in Sources */,
				36E5C9092AB9FE9000FC0DE7 /* MapInformationCellViewModel.swift in Sources */,
				369C67862AC5B2430041F25B /* WeatherForecastModuleAssembler.swift in Sources */,
				369C67892AC5B2430041F25B /* WeatherForecastViewModel.swift in Sources */,
				36A341162ABA39B000B4EFDE /* AttributesInformationCollectionCell.swift in Sources */,
				3648C42C2AD59A850052C3A2 /* DirectionWindCellViewModel.swift in Sources */,
				369A9C5D2AC2410E002D9F59 /* Error+Extensions.swift in Sources */,
				36E5C8EA2AB9C20F00FC0DE7 /* BaseCellViewModel.swift in Sources */,
				36E5C8E12AB9C0E500FC0DE7 /* BriefInformationCellViewModel.swift in Sources */,
				36E5C8EC2AB9C23900FC0DE7 /* CopyableViewModel.swift in Sources */,
				36E5C9032AB9FE0A00FC0DE7 /* MapInformationCollectionCell.swift in Sources */,
				36E5C8FA2AB9CEC500FC0DE7 /* BriefIInformationsCollectionViewLayout.swift in Sources */,
				C15F1EA72AD2DA0900F3C057 /* WeatherForecaseDetailsViewController.swift in Sources */,
				369C08F62AD6B6A2005AF7D0 /* TitleInformationCellView.swift in Sources */,
				36E5C8FE2AB9D1FA00FC0DE7 /* UICollectionView+Extentions.swift in Sources */,
				36A341142ABA39A600B4EFDE /* AttributesInformationCellViewLayout.swift in Sources */,
				C15F1EA92AD2DA0900F3C057 /* WeatherForecaseDetailsProtocols.swift in Sources */,
				36E5C9052AB9FE7600FC0DE7 /* MapInformationCellView.swift in Sources */,
				368EE32F2ACB0EC800D05BEB /* DomainModel.swift in Sources */,
				36E5C8F02AB9C3E400FC0DE7 /* BaseHeaderFooterViewModel.swift in Sources */,
				360329102AD9914A0092C981 /* CalendarCollectionCell.swift in Sources */,
				36E5C8EE2AB9C38B00FC0DE7 /* Configurable.swift in Sources */,
				3648C4262AD59A540052C3A2 /*  DirectionWindCollectionCell.swift in Sources */,
				36F0B5672AB892BE005EFC75 /* AppDelegate.swift in Sources */,
				C15F1EA62AD2DA0900F3C057 /* WeatherForecaseDetailsRouter.swift in Sources */,
				360329122AD991590092C981 /* CalendarCellView.swift in Sources */,
				369C678B2AC5B5710041F25B /* UIViewController+Extensions.swift in Sources */,
				36E5C8F82AB9CEBB00FC0DE7 /* BriefIInformationsCollectionViewModel.swift in Sources */,
				36E5C8E82AB9C1C600FC0DE7 /* Reusable.swift in Sources */,
				36E5C8E52AB9C14400FC0DE7 /* BriefInformationCollectionCell.swift in Sources */,
				36E5C9102ABA0A7300FC0DE7 /* DetailInformationCollectionCell.swift in Sources */,
				36D5DCD12ABB0AEA003CEF91 /* WeatherForecastNetworkService.swift in Sources */,
				36A341122ABA399C00B4EFDE /* AttributesInformationCellViewModel.swift in Sources */,
				369C67872AC5B2430041F25B /* WeatherForecastProtocols.swift in Sources */,
				36E5C8F42AB9CC3300FC0DE7 /* UIView+Extensions.swift in Sources */,
				363ED6F02AC1A8FB002155A8 /* BaseDataSource.swift in Sources */,
				36E5C8F22AB9CADF00FC0DE7 /* UIEdgeInsets+Extensions.swift in Sources */,
				369C08F42AD6B66C005AF7D0 /* TitleInformationCollectionCell.swift in Sources */,
				36E5C8F62AB9CE8800FC0DE7 /* BriefIInformationsCollectionView.swift in Sources */,
				36E5C8DF2AB9C0D800FC0DE7 /* BriefInformationCellView.swift in Sources */,
				360880082AE69E920063B4DE /* CalendarCellViewLayout.swift in Sources */,
				36E5C9122ABA0A9900FC0DE7 /* DetailInformationCellView.swift in Sources */,
				3648C42E2AD59A8D0052C3A2 /* DirectionWindCellViewLayout.swift in Sources */,
				C15F1EAA2AD2DA0900F3C057 /* WeatherForecaseDetailsInteractor.swift in Sources */,
				36E5C9162ABA0AAB00FC0DE7 /* DetailInformationCellViewModel.swift in Sources */,
				369C67842AC5B2430041F25B /* WeatherForecastRouter.swift in Sources */,
				368EE32D2ACB02DC00D05BEB /* DetailInformationKind.swift in Sources */,
				360329162AD991710092C981 /* CalendarCellViewModel.swift in Sources */,
				36D5DCD62ABB5DC2003CEF91 /* WeatherData.swift in Sources */,
				3648C4282AD59A690052C3A2 /* DirectionWindCellView.swift in Sources */,
				36F0B5692AB892BE005EFC75 /* SceneDelegate.swift in Sources */,
			);
			runOnlyForDeploymentPostprocessing = 0;
		};
/* End PBXSourcesBuildPhase section */

/* Begin PBXVariantGroup section */
		36F0B56C2AB892BE005EFC75 /* Main.storyboard */ = {
			isa = PBXVariantGroup;
			children = (
				36F0B56D2AB892BE005EFC75 /* Base */,
			);
			name = Main.storyboard;
			sourceTree = "<group>";
		};
		36F0B5712AB892C2005EFC75 /* LaunchScreen.storyboard */ = {
			isa = PBXVariantGroup;
			children = (
				36F0B5722AB892C2005EFC75 /* Base */,
			);
			name = LaunchScreen.storyboard;
			sourceTree = "<group>";
		};
/* End PBXVariantGroup section */

/* Begin XCBuildConfiguration section */
		36F0B5752AB892C2005EFC75 /* Debug */ = {
			isa = XCBuildConfiguration;
			buildSettings = {
				ALWAYS_SEARCH_USER_PATHS = NO;
				CLANG_ANALYZER_NONNULL = YES;
				CLANG_ANALYZER_NUMBER_OBJECT_CONVERSION = YES_AGGRESSIVE;
				CLANG_CXX_LANGUAGE_STANDARD = "gnu++20";
				CLANG_ENABLE_MODULES = YES;
				CLANG_ENABLE_OBJC_ARC = YES;
				CLANG_ENABLE_OBJC_WEAK = YES;
				CLANG_WARN_BLOCK_CAPTURE_AUTORELEASING = YES;
				CLANG_WARN_BOOL_CONVERSION = YES;
				CLANG_WARN_COMMA = YES;
				CLANG_WARN_CONSTANT_CONVERSION = YES;
				CLANG_WARN_DEPRECATED_OBJC_IMPLEMENTATIONS = YES;
				CLANG_WARN_DIRECT_OBJC_ISA_USAGE = YES_ERROR;
				CLANG_WARN_DOCUMENTATION_COMMENTS = YES;
				CLANG_WARN_EMPTY_BODY = YES;
				CLANG_WARN_ENUM_CONVERSION = YES;
				CLANG_WARN_INFINITE_RECURSION = YES;
				CLANG_WARN_INT_CONVERSION = YES;
				CLANG_WARN_NON_LITERAL_NULL_CONVERSION = YES;
				CLANG_WARN_OBJC_IMPLICIT_RETAIN_SELF = YES;
				CLANG_WARN_OBJC_LITERAL_CONVERSION = YES;
				CLANG_WARN_OBJC_ROOT_CLASS = YES_ERROR;
				CLANG_WARN_QUOTED_INCLUDE_IN_FRAMEWORK_HEADER = YES;
				CLANG_WARN_RANGE_LOOP_ANALYSIS = YES;
				CLANG_WARN_STRICT_PROTOTYPES = YES;
				CLANG_WARN_SUSPICIOUS_MOVE = YES;
				CLANG_WARN_UNGUARDED_AVAILABILITY = YES_AGGRESSIVE;
				CLANG_WARN_UNREACHABLE_CODE = YES;
				CLANG_WARN__DUPLICATE_METHOD_MATCH = YES;
				COPY_PHASE_STRIP = NO;
				DEBUG_INFORMATION_FORMAT = dwarf;
				ENABLE_STRICT_OBJC_MSGSEND = YES;
				ENABLE_TESTABILITY = YES;
				GCC_C_LANGUAGE_STANDARD = gnu11;
				GCC_DYNAMIC_NO_PIC = NO;
				GCC_NO_COMMON_BLOCKS = YES;
				GCC_OPTIMIZATION_LEVEL = 0;
				GCC_PREPROCESSOR_DEFINITIONS = (
					"DEBUG=1",
					"$(inherited)",
				);
				GCC_WARN_64_TO_32_BIT_CONVERSION = YES;
				GCC_WARN_ABOUT_RETURN_TYPE = YES_ERROR;
				GCC_WARN_UNDECLARED_SELECTOR = YES;
				GCC_WARN_UNINITIALIZED_AUTOS = YES_AGGRESSIVE;
				GCC_WARN_UNUSED_FUNCTION = YES;
				GCC_WARN_UNUSED_VARIABLE = YES;
				IPHONEOS_DEPLOYMENT_TARGET = 16.4;
				MTL_ENABLE_DEBUG_INFO = INCLUDE_SOURCE;
				MTL_FAST_MATH = YES;
				ONLY_ACTIVE_ARCH = YES;
				SDKROOT = iphoneos;
				SWIFT_ACTIVE_COMPILATION_CONDITIONS = DEBUG;
				SWIFT_OPTIMIZATION_LEVEL = "-Onone";
			};
			name = Debug;
		};
		36F0B5762AB892C2005EFC75 /* Release */ = {
			isa = XCBuildConfiguration;
			buildSettings = {
				ALWAYS_SEARCH_USER_PATHS = NO;
				CLANG_ANALYZER_NONNULL = YES;
				CLANG_ANALYZER_NUMBER_OBJECT_CONVERSION = YES_AGGRESSIVE;
				CLANG_CXX_LANGUAGE_STANDARD = "gnu++20";
				CLANG_ENABLE_MODULES = YES;
				CLANG_ENABLE_OBJC_ARC = YES;
				CLANG_ENABLE_OBJC_WEAK = YES;
				CLANG_WARN_BLOCK_CAPTURE_AUTORELEASING = YES;
				CLANG_WARN_BOOL_CONVERSION = YES;
				CLANG_WARN_COMMA = YES;
				CLANG_WARN_CONSTANT_CONVERSION = YES;
				CLANG_WARN_DEPRECATED_OBJC_IMPLEMENTATIONS = YES;
				CLANG_WARN_DIRECT_OBJC_ISA_USAGE = YES_ERROR;
				CLANG_WARN_DOCUMENTATION_COMMENTS = YES;
				CLANG_WARN_EMPTY_BODY = YES;
				CLANG_WARN_ENUM_CONVERSION = YES;
				CLANG_WARN_INFINITE_RECURSION = YES;
				CLANG_WARN_INT_CONVERSION = YES;
				CLANG_WARN_NON_LITERAL_NULL_CONVERSION = YES;
				CLANG_WARN_OBJC_IMPLICIT_RETAIN_SELF = YES;
				CLANG_WARN_OBJC_LITERAL_CONVERSION = YES;
				CLANG_WARN_OBJC_ROOT_CLASS = YES_ERROR;
				CLANG_WARN_QUOTED_INCLUDE_IN_FRAMEWORK_HEADER = YES;
				CLANG_WARN_RANGE_LOOP_ANALYSIS = YES;
				CLANG_WARN_STRICT_PROTOTYPES = YES;
				CLANG_WARN_SUSPICIOUS_MOVE = YES;
				CLANG_WARN_UNGUARDED_AVAILABILITY = YES_AGGRESSIVE;
				CLANG_WARN_UNREACHABLE_CODE = YES;
				CLANG_WARN__DUPLICATE_METHOD_MATCH = YES;
				COPY_PHASE_STRIP = NO;
				DEBUG_INFORMATION_FORMAT = "dwarf-with-dsym";
				ENABLE_NS_ASSERTIONS = NO;
				ENABLE_STRICT_OBJC_MSGSEND = YES;
				GCC_C_LANGUAGE_STANDARD = gnu11;
				GCC_NO_COMMON_BLOCKS = YES;
				GCC_WARN_64_TO_32_BIT_CONVERSION = YES;
				GCC_WARN_ABOUT_RETURN_TYPE = YES_ERROR;
				GCC_WARN_UNDECLARED_SELECTOR = YES;
				GCC_WARN_UNINITIALIZED_AUTOS = YES_AGGRESSIVE;
				GCC_WARN_UNUSED_FUNCTION = YES;
				GCC_WARN_UNUSED_VARIABLE = YES;
				IPHONEOS_DEPLOYMENT_TARGET = 16.4;
				MTL_ENABLE_DEBUG_INFO = NO;
				MTL_FAST_MATH = YES;
				SDKROOT = iphoneos;
				SWIFT_COMPILATION_MODE = wholemodule;
				SWIFT_OPTIMIZATION_LEVEL = "-O";
				VALIDATE_PRODUCT = YES;
			};
			name = Release;
		};
		36F0B5782AB892C2005EFC75 /* Debug */ = {
			isa = XCBuildConfiguration;
			buildSettings = {
				ASSETCATALOG_COMPILER_APPICON_NAME = AppIcon;
				ASSETCATALOG_COMPILER_GLOBAL_ACCENT_COLOR_NAME = AccentColor;
				CODE_SIGN_STYLE = Automatic;
				CURRENT_PROJECT_VERSION = 1;
				DEVELOPMENT_TEAM = Y2996WT57A;
				GENERATE_INFOPLIST_FILE = YES;
				INFOPLIST_FILE = "Weather Forecast/Resources/Info.plist";
				INFOPLIST_KEY_UIApplicationSupportsIndirectInputEvents = YES;
				INFOPLIST_KEY_UILaunchStoryboardName = LaunchScreen;
				INFOPLIST_KEY_UIMainStoryboardFile = Main;
				INFOPLIST_KEY_UIStatusBarStyle = "";
				INFOPLIST_KEY_UISupportedInterfaceOrientations_iPad = "UIInterfaceOrientationPortrait UIInterfaceOrientationPortraitUpsideDown UIInterfaceOrientationLandscapeLeft UIInterfaceOrientationLandscapeRight";
				INFOPLIST_KEY_UISupportedInterfaceOrientations_iPhone = "UIInterfaceOrientationPortrait UIInterfaceOrientationLandscapeLeft UIInterfaceOrientationLandscapeRight";
				LD_RUNPATH_SEARCH_PATHS = (
					"$(inherited)",
					"@executable_path/Frameworks",
				);
				MARKETING_VERSION = 1.0;
				PRODUCT_BUNDLE_IDENTIFIER = "com.Weather-Forecast";
				PRODUCT_NAME = "$(TARGET_NAME)";
				SWIFT_EMIT_LOC_STRINGS = YES;
				SWIFT_VERSION = 5.0;
				TARGETED_DEVICE_FAMILY = "1,2";
			};
			name = Debug;
		};
		36F0B5792AB892C2005EFC75 /* Release */ = {
			isa = XCBuildConfiguration;
			buildSettings = {
				ASSETCATALOG_COMPILER_APPICON_NAME = AppIcon;
				ASSETCATALOG_COMPILER_GLOBAL_ACCENT_COLOR_NAME = AccentColor;
				CODE_SIGN_STYLE = Automatic;
				CURRENT_PROJECT_VERSION = 1;
				DEVELOPMENT_TEAM = Y2996WT57A;
				GENERATE_INFOPLIST_FILE = YES;
				INFOPLIST_FILE = "Weather Forecast/Resources/Info.plist";
				INFOPLIST_KEY_UIApplicationSupportsIndirectInputEvents = YES;
				INFOPLIST_KEY_UILaunchStoryboardName = LaunchScreen;
				INFOPLIST_KEY_UIMainStoryboardFile = Main;
				INFOPLIST_KEY_UIStatusBarStyle = "";
				INFOPLIST_KEY_UISupportedInterfaceOrientations_iPad = "UIInterfaceOrientationPortrait UIInterfaceOrientationPortraitUpsideDown UIInterfaceOrientationLandscapeLeft UIInterfaceOrientationLandscapeRight";
				INFOPLIST_KEY_UISupportedInterfaceOrientations_iPhone = "UIInterfaceOrientationPortrait UIInterfaceOrientationLandscapeLeft UIInterfaceOrientationLandscapeRight";
				LD_RUNPATH_SEARCH_PATHS = (
					"$(inherited)",
					"@executable_path/Frameworks",
				);
				MARKETING_VERSION = 1.0;
				PRODUCT_BUNDLE_IDENTIFIER = "com.Weather-Forecast";
				PRODUCT_NAME = "$(TARGET_NAME)";
				SWIFT_EMIT_LOC_STRINGS = YES;
				SWIFT_VERSION = 5.0;
				TARGETED_DEVICE_FAMILY = "1,2";
			};
			name = Release;
		};
/* End XCBuildConfiguration section */

/* Begin XCConfigurationList section */
		36F0B55E2AB892BE005EFC75 /* Build configuration list for PBXProject "Weather Forecast" */ = {
			isa = XCConfigurationList;
			buildConfigurations = (
				36F0B5752AB892C2005EFC75 /* Debug */,
				36F0B5762AB892C2005EFC75 /* Release */,
			);
			defaultConfigurationIsVisible = 0;
			defaultConfigurationName = Release;
		};
		36F0B5772AB892C2005EFC75 /* Build configuration list for PBXNativeTarget "Weather Forecast" */ = {
			isa = XCConfigurationList;
			buildConfigurations = (
				36F0B5782AB892C2005EFC75 /* Debug */,
				36F0B5792AB892C2005EFC75 /* Release */,
			);
			defaultConfigurationIsVisible = 0;
			defaultConfigurationName = Release;
		};
/* End XCConfigurationList section */

/* Begin XCRemoteSwiftPackageReference section */
		36131D952AEA7F8E00DD2BA4 /* XCRemoteSwiftPackageReference "Alamofire" */ = {
			isa = XCRemoteSwiftPackageReference;
			repositoryURL = "https://github.com/Alamofire/Alamofire.git";
			requirement = {
				kind = upToNextMajorVersion;
				minimumVersion = 5.0.0;
			};
		};
		36C7D2472AEAD123003AAB0F /* XCRemoteSwiftPackageReference "Charts" */ = {
			isa = XCRemoteSwiftPackageReference;
			repositoryURL = "https://github.com/danielgindi/Charts.git";
			requirement = {
				kind = upToNextMajorVersion;
				minimumVersion = 5.0.0;
			};
		};
		36C7D24C2AEAD12B003AAB0F /* XCRemoteSwiftPackageReference "Kingfisher" */ = {
			isa = XCRemoteSwiftPackageReference;
			repositoryURL = "https://github.com/onevcat/Kingfisher.git";
			requirement = {
				kind = upToNextMajorVersion;
				minimumVersion = 7.9.1;
			};
		};
/* End XCRemoteSwiftPackageReference section */

/* Begin XCSwiftPackageProductDependency section */
		36131D962AEA7F8E00DD2BA4 /* Alamofire */ = {
			isa = XCSwiftPackageProductDependency;
			package = 36131D952AEA7F8E00DD2BA4 /* XCRemoteSwiftPackageReference "Alamofire" */;
			productName = Alamofire;
		};
		36C7D2482AEAD123003AAB0F /* DGCharts */ = {
			isa = XCSwiftPackageProductDependency;
			package = 36C7D2472AEAD123003AAB0F /* XCRemoteSwiftPackageReference "Charts" */;
			productName = DGCharts;
		};
		36C7D24A2AEAD123003AAB0F /* DGChartsDynamic */ = {
			isa = XCSwiftPackageProductDependency;
			package = 36C7D2472AEAD123003AAB0F /* XCRemoteSwiftPackageReference "Charts" */;
			productName = DGChartsDynamic;
		};
		36C7D24D2AEAD12B003AAB0F /* Kingfisher */ = {
			isa = XCSwiftPackageProductDependency;
			package = 36C7D24C2AEAD12B003AAB0F /* XCRemoteSwiftPackageReference "Kingfisher" */;
			productName = Kingfisher;
		};
/* End XCSwiftPackageProductDependency section */
	};
	rootObject = 36F0B55B2AB892BE005EFC75 /* Project object */;
}
